
Microsoft Visual Studio Solution File, Format Version 12.00
# Visual Studio Version 17
VisualStudioVersion = 17.3.32901.215
MinimumVisualStudioVersion = 10.0.40219.1
Project("{FAE04EC0-301F-11D3-BF4B-00C04F79EFBC}") = "CSharpExercises", "CSharpExercises\CSharpExercises.csproj", "{0261227A-467F-4835-A089-C772600FFA5A}"
EndProject
Global
	GlobalSection(SolutionConfigurationPlatforms) = preSolution
		Debug|Any CPU = Debug|Any CPU
		Release|Any CPU = Release|Any CPU
	EndGlobalSection
	GlobalSection(ProjectConfigurationPlatforms) = postSolution
		{0261227A-467F-4835-A089-C772600FFA5A}.Debug|Any CPU.ActiveCfg = Debug|Any CPU
		{0261227A-467F-4835-A089-C772600FFA5A}.Debug|Any CPU.Build.0 = Debug|Any CPU
		{0261227A-467F-4835-A089-C772600FFA5A}.Release|Any CPU.ActiveCfg = Release|Any CPU
		{0261227A-467F-4835-A089-C772600FFA5A}.Release|Any CPU.Build.0 = Release|Any CPU
	EndGlobalSection
	GlobalSection(SolutionProperties) = preSolution
		HideSolutionNode = FALSE
	EndGlobalSection
	GlobalSection(ExtensibilityGlobals) = postSolution
		SolutionGuid = {47B8ED56-38E9-47DA-BAC1-A92A91A31526}
	EndGlobalSection
EndGlobal
